// !$*UTF8*$!
{
	archiveVersion = 1;
	classes = {
	};
	objectVersion = 50;
	objects = {

/* Begin PBXBuildFile section */
		FF65079325E2827600CCE207 /* ListViewWithTabApp.swift in Sources */ = {isa = PBXBuildFile; fileRef = FF65079225E2827600CCE207 /* ListViewWithTabApp.swift */; };
		FF65079525E2827600CCE207 /* MainView.swift in Sources */ = {isa = PBXBuildFile; fileRef = FF65079425E2827600CCE207 /* MainView.swift */; };
		FF65079725E2827600CCE207 /* Assets.xcassets in Resources */ = {isa = PBXBuildFile; fileRef = FF65079625E2827600CCE207 /* Assets.xcassets */; };
		FF65079A25E2827600CCE207 /* Preview Assets.xcassets in Resources */ = {isa = PBXBuildFile; fileRef = FF65079925E2827600CCE207 /* Preview Assets.xcassets */; };
		FF6507A425E28E6000CCE207 /* MapView.swift in Sources */ = {isa = PBXBuildFile; fileRef = FF6507A325E28E6000CCE207 /* MapView.swift */; };
		FF8F4D8425E40815003E0C9A /* DonorListView.swift in Sources */ = {isa = PBXBuildFile; fileRef = FF8F4D8325E40815003E0C9A /* DonorListView.swift */; };
		FF8F4D8725E4084B003E0C9A /* ListCell.swift in Sources */ = {isa = PBXBuildFile; fileRef = FF8F4D8625E4084B003E0C9A /* ListCell.swift */; };
/* End PBXBuildFile section */

/* Begin PBXFileReference section */
		FF65078F25E2827600CCE207 /* ListViewWithTab.app */ = {isa = PBXFileReference; explicitFileType = wrapper.application; includeInIndex = 0; path = ListViewWithTab.app; sourceTree = BUILT_PRODUCTS_DIR; };
		FF65079225E2827600CCE207 /* ListViewWithTabApp.swift */ = {isa = PBXFileReference; lastKnownFileType = sourcecode.swift; path = ListViewWithTabApp.swift; sourceTree = "<group>"; };
		FF65079425E2827600CCE207 /* MainView.swift */ = {isa = PBXFileReference; lastKnownFileType = sourcecode.swift; path = MainView.swift; sourceTree = "<group>"; };
		FF65079625E2827600CCE207 /* Assets.xcassets */ = {isa = PBXFileReference; lastKnownFileType = folder.assetcatalog; path = Assets.xcassets; sourceTree = "<group>"; };
		FF65079925E2827600CCE207 /* Preview Assets.xcassets */ = {isa = PBXFileReference; lastKnownFileType = folder.assetcatalog; path = "Preview Assets.xcassets"; sourceTree = "<group>"; };
		FF65079B25E2827600CCE207 /* Info.plist */ = {isa = PBXFileReference; lastKnownFileType = text.plist.xml; path = Info.plist; sourceTree = "<group>"; };
		FF6507A325E28E6000CCE207 /* MapView.swift */ = {isa = PBXFileReference; lastKnownFileType = sourcecode.swift; path = MapView.swift; sourceTree = "<group>"; };
		FF8F4D8325E40815003E0C9A /* DonorListView.swift */ = {isa = PBXFileReference; lastKnownFileType = sourcecode.swift; path = DonorListView.swift; sourceTree = "<group>"; };
		FF8F4D8625E4084B003E0C9A /* ListCell.swift */ = {isa = PBXFileReference; lastKnownFileType = sourcecode.swift; path = ListCell.swift; sourceTree = "<group>"; };
/* End PBXFileReference section */

/* Begin PBXFrameworksBuildPhase section */
		FF65078C25E2827600CCE207 /* Frameworks */ = {
			isa = PBXFrameworksBuildPhase;
			buildActionMask = 2147483647;
			files = (
			);
			runOnlyForDeploymentPostprocessing = 0;
		};
/* End PBXFrameworksBuildPhase section */

/* Begin PBXGroup section */
		FF65078625E2827600CCE207 = {
			isa = PBXGroup;
			children = (
				FF65079125E2827600CCE207 /* ListViewWithTab */,
				FF65079025E2827600CCE207 /* Products */,
			);
			sourceTree = "<group>";
		};
		FF65079025E2827600CCE207 /* Products */ = {
			isa = PBXGroup;
			children = (
				FF65078F25E2827600CCE207 /* ListViewWithTab.app */,
			);
			name = Products;
			sourceTree = "<group>";
		};
		FF65079125E2827600CCE207 /* ListViewWithTab */ = {
			isa = PBXGroup;
			children = (
				FF6507AC25E2B40000CCE207 /* Main */,
				FF6507AB25E2B3F500CCE207 /* List */,
				FF6507AA25E2B3EF00CCE207 /* Map */,
				FF65079625E2827600CCE207 /* Assets.xcassets */,
				FF65079B25E2827600CCE207 /* Info.plist */,
				FF65079825E2827600CCE207 /* Preview Content */,
			);
			path = ListViewWithTab;
			sourceTree = "<group>";
		};
		FF65079825E2827600CCE207 /* Preview Content */ = {
			isa = PBXGroup;
			children = (
				FF65079925E2827600CCE207 /* Preview Assets.xcassets */,
			);
			path = "Preview Content";
			sourceTree = "<group>";
		};
		FF6507AA25E2B3EF00CCE207 /* Map */ = {
			isa = PBXGroup;
			children = (
				FF6507A325E28E6000CCE207 /* MapView.swift */,
			);
			path = Map;
			sourceTree = "<group>";
		};
		FF6507AB25E2B3F500CCE207 /* List */ = {
			isa = PBXGroup;
			children = (
				FF8F4D8325E40815003E0C9A /* DonorListView.swift */,
				FF8F4D8625E4084B003E0C9A /* ListCell.swift */,
			);
			path = List;
			sourceTree = "<group>";
		};
		FF6507AC25E2B40000CCE207 /* Main */ = {
			isa = PBXGroup;
			children = (
				FF65079225E2827600CCE207 /* ListViewWithTabApp.swift */,
				FF65079425E2827600CCE207 /* MainView.swift */,
			);
			path = Main;
			sourceTree = "<group>";
		};
/* End PBXGroup section */

/* Begin PBXNativeTarget section */
		FF65078E25E2827600CCE207 /* ListViewWithTab */ = {
			isa = PBXNativeTarget;
			buildConfigurationList = FF65079E25E2827600CCE207 /* Build configuration list for PBXNativeTarget "ListViewWithTab" */;
			buildPhases = (
				FF65078B25E2827600CCE207 /* Sources */,
				FF65078C25E2827600CCE207 /* Frameworks */,
				FF65078D25E2827600CCE207 /* Resources */,
			);
			buildRules = (
			);
			dependencies = (
			);
			name = ListViewWithTab;
			productName = ListViewWithTab;
			productReference = FF65078F25E2827600CCE207 /* ListViewWithTab.app */;
			productType = "com.apple.product-type.application";
		};
/* End PBXNativeTarget section */

/* Begin PBXProject section */
		FF65078725E2827600CCE207 /* Project object */ = {
			isa = PBXProject;
			attributes = {
				LastSwiftUpdateCheck = 1240;
				LastUpgradeCheck = 1240;
				TargetAttributes = {
					FF65078E25E2827600CCE207 = {
						CreatedOnToolsVersion = 12.4;
					};
				};
			};
			buildConfigurationList = FF65078A25E2827600CCE207 /* Build configuration list for PBXProject "ListViewWithTab" */;
			compatibilityVersion = "Xcode 9.3";
			developmentRegion = en;
			hasScannedForEncodings = 0;
			knownRegions = (
				en,
				Base,
			);
			mainGroup = FF65078625E2827600CCE207;
			productRefGroup = FF65079025E2827600CCE207 /* Products */;
			projectDirPath = "";
			projectRoot = "";
			targets = (
				FF65078E25E2827600CCE207 /* ListViewWithTab */,
			);
		};
/* End PBXProject section */

/* Begin PBXResourcesBuildPhase section */
		FF65078D25E2827600CCE207 /* Resources */ = {
			isa = PBXResourcesBuildPhase;
			buildActionMask = 2147483647;
			files = (
				FF65079A25E2827600CCE207 /* Preview Assets.xcassets in Resources */,
				FF65079725E2827600CCE207 /* Assets.xcassets in Resources */,
			);
			runOnlyForDeploymentPostprocessing = 0;
		};
/* End PBXResourcesBuildPhase section */

/* Begin PBXSourcesBuildPhase section */
		FF65078B25E2827600CCE207 /* Sources */ = {
			isa = PBXSourcesBuildPhase;
			buildActionMask = 2147483647;
			files = (
				FF65079525E2827600CCE207 /* MainView.swift in Sources */,
				FF6507A425E28E6000CCE207 /* MapView.swift in Sources */,
				FF65079325E2827600CCE207 /* ListViewWithTabApp.swift in Sources */,
				FF8F4D8725E4084B003E0C9A /* ListCell.swift in Sources */,
				FF8F4D8425E40815003E0C9A /* DonorListView.swift in Sources */,
			);
			runOnlyForDeploymentPostprocessing = 0;
		};
/* End PBXSourcesBuildPhase section */

/* Begin XCBuildConfiguration section */
		FF65079C25E2827600CCE207 /* Debug */ = {
			isa = XCBuildConfiguration;
			buildSettings = {
				ALWAYS_SEARCH_USER_PATHS = NO;
				CLANG_ANALYZER_NONNULL = YES;
				CLANG_ANALYZER_NUMBER_OBJECT_CONVERSION = YES_AGGRESSIVE;
				CLANG_CXX_LANGUAGE_STANDARD = "gnu++14";
				CLANG_CXX_LIBRARY = "libc++";
				CLANG_ENABLE_MODULES = YES;
				CLANG_ENABLE_OBJC_ARC = YES;
				CLANG_ENABLE_OBJC_WEAK = YES;
				CLANG_WARN_BLOCK_CAPTURE_AUTORELEASING = YES;
				CLANG_WARN_BOOL_CONVERSION = YES;
				CLANG_WARN_COMMA = YES;
				CLANG_WARN_CONSTANT_CONVERSION = YES;
				CLANG_WARN_DEPRECATED_OBJC_IMPLEMENTATIONS = YES;
				CLANG_WARN_DIRECT_OBJC_ISA_USAGE = YES_ERROR;
				CLANG_WARN_DOCUMENTATION_COMMENTS = YES;
				CLANG_WARN_EMPTY_BODY = YES;
				CLANG_WARN_ENUM_CONVERSION = YES;
				CLANG_WARN_INFINITE_RECURSION = YES;
				CLANG_WARN_INT_CONVERSION = YES;
				CLANG_WARN_NON_LITERAL_NULL_CONVERSION = YES;
				CLANG_WARN_OBJC_IMPLICIT_RETAIN_SELF = YES;
				CLANG_WARN_OBJC_LITERAL_CONVERSION = YES;
				CLANG_WARN_OBJC_ROOT_CLASS = YES_ERROR;
				CLANG_WARN_QUOTED_INCLUDE_IN_FRAMEWORK_HEADER = YES;
				CLANG_WARN_RANGE_LOOP_ANALYSIS = YES;
				CLANG_WARN_STRICT_PROTOTYPES = YES;
				CLANG_WARN_SUSPICIOUS_MOVE = YES;
				CLANG_WARN_UNGUARDED_AVAILABILITY = YES_AGGRESSIVE;
				CLANG_WARN_UNREACHABLE_CODE = YES;
				CLANG_WARN__DUPLICATE_METHOD_MATCH = YES;
				COPY_PHASE_STRIP = NO;
				DEBUG_INFORMATION_FORMAT = dwarf;
				ENABLE_STRICT_OBJC_MSGSEND = YES;
				ENABLE_TESTABILITY = YES;
				GCC_C_LANGUAGE_STANDARD = gnu11;
				GCC_DYNAMIC_NO_PIC = NO;
				GCC_NO_COMMON_BLOCKS = YES;
				GCC_OPTIMIZATION_LEVEL = 0;
				GCC_PREPROCESSOR_DEFINITIONS = (
					"DEBUG=1",
					"$(inherited)",
				);
				GCC_WARN_64_TO_32_BIT_CONVERSION = YES;
				GCC_WARN_ABOUT_RETURN_TYPE = YES_ERROR;
				GCC_WARN_UNDECLARED_SELECTOR = YES;
				GCC_WARN_UNINITIALIZED_AUTOS = YES_AGGRESSIVE;
				GCC_WARN_UNUSED_FUNCTION = YES;
				GCC_WARN_UNUSED_VARIABLE = YES;
				IPHONEOS_DEPLOYMENT_TARGET = 14.4;
				MTL_ENABLE_DEBUG_INFO = INCLUDE_SOURCE;
				MTL_FAST_MATH = YES;
				ONLY_ACTIVE_ARCH = YES;
				SDKROOT = iphoneos;
				SWIFT_ACTIVE_COMPILATION_CONDITIONS = DEBUG;
				SWIFT_OPTIMIZATION_LEVEL = "-Onone";
			};
			name = Debug;
		};
		FF65079D25E2827600CCE207 /* Release */ = {
			isa = XCBuildConfiguration;
			buildSettings = {
				ALWAYS_SEARCH_USER_PATHS = NO;
				CLANG_ANALYZER_NONNULL = YES;
				CLANG_ANALYZER_NUMBER_OBJECT_CONVERSION = YES_AGGRESSIVE;
				CLANG_CXX_LANGUAGE_STANDARD = "gnu++14";
				CLANG_CXX_LIBRARY = "libc++";
				CLANG_ENABLE_MODULES = YES;
				CLANG_ENABLE_OBJC_ARC = YES;
				CLANG_ENABLE_OBJC_WEAK = YES;
				CLANG_WARN_BLOCK_CAPTURE_AUTORELEASING = YES;
				CLANG_WARN_BOOL_CONVERSION = YES;
				CLANG_WARN_COMMA = YES;
				CLANG_WARN_CONSTANT_CONVERSION = YES;
				CLANG_WARN_DEPRECATED_OBJC_IMPLEMENTATIONS = YES;
				CLANG_WARN_DIRECT_OBJC_ISA_USAGE = YES_ERROR;
				CLANG_WARN_DOCUMENTATION_COMMENTS = YES;
				CLANG_WARN_EMPTY_BODY = YES;
				CLANG_WARN_ENUM_CONVERSION = YES;
				CLANG_WARN_INFINITE_RECURSION = YES;
				CLANG_WARN_INT_CONVERSION = YES;
				CLANG_WARN_NON_LITERAL_NULL_CONVERSION = YES;
				CLANG_WARN_OBJC_IMPLICIT_RETAIN_SELF = YES;
				CLANG_WARN_OBJC_LITERAL_CONVERSION = YES;
				CLANG_WARN_OBJC_ROOT_CLASS = YES_ERROR;
				CLANG_WARN_QUOTED_INCLUDE_IN_FRAMEWORK_HEADER = YES;
				CLANG_WARN_RANGE_LOOP_ANALYSIS = YES;
				CLANG_WARN_STRICT_PROTOTYPES = YES;
				CLANG_WARN_SUSPICIOUS_MOVE = YES;
				CLANG_WARN_UNGUARDED_AVAILABILITY = YES_AGGRESSIVE;
				CLANG_WARN_UNREACHABLE_CODE = YES;
				CLANG_WARN__DUPLICATE_METHOD_MATCH = YES;
				COPY_PHASE_STRIP = NO;
				DEBUG_INFORMATION_FORMAT = "dwarf-with-dsym";
				ENABLE_NS_ASSERTIONS = NO;
				ENABLE_STRICT_OBJC_MSGSEND = YES;
				GCC_C_LANGUAGE_STANDARD = gnu11;
				GCC_NO_COMMON_BLOCKS = YES;
				GCC_WARN_64_TO_32_BIT_CONVERSION = YES;
				GCC_WARN_ABOUT_RETURN_TYPE = YES_ERROR;
				GCC_WARN_UNDECLARED_SELECTOR = YES;
				GCC_WARN_UNINITIALIZED_AUTOS = YES_AGGRESSIVE;
				GCC_WARN_UNUSED_FUNCTION = YES;
				GCC_WARN_UNUSED_VARIABLE = YES;
				IPHONEOS_DEPLOYMENT_TARGET = 14.4;
				MTL_ENABLE_DEBUG_INFO = NO;
				MTL_FAST_MATH = YES;
				SDKROOT = iphoneos;
				SWIFT_COMPILATION_MODE = wholemodule;
				SWIFT_OPTIMIZATION_LEVEL = "-O";
				VALIDATE_PRODUCT = YES;
			};
			name = Release;
		};
		FF65079F25E2827600CCE207 /* Debug */ = {
			isa = XCBuildConfiguration;
			buildSettings = {
				ASSETCATALOG_COMPILER_APPICON_NAME = AppIcon;
				ASSETCATALOG_COMPILER_GLOBAL_ACCENT_COLOR_NAME = AccentColor;
				CODE_SIGN_STYLE = Automatic;
				DEVELOPMENT_ASSET_PATHS = "\"ListViewWithTab/Preview Content\"";
				DEVELOPMENT_TEAM = R975Y8X2C9;
				ENABLE_PREVIEWS = YES;
				INFOPLIST_FILE = ListViewWithTab/Info.plist;
				IPHONEOS_DEPLOYMENT_TARGET = 14.0;
				LD_RUNPATH_SEARCH_PATHS = (
					"$(inherited)",
					"@executable_path/Frameworks",
				);
				PRODUCT_BUNDLE_IDENTIFIER = com.fahimrahman.ListViewWithTab;
				PRODUCT_NAME = "$(TARGET_NAME)";
				SWIFT_VERSION = 5.0;
				TARGETED_DEVICE_FAMILY = "1,2";
			};
			name = Debug;
		};
		FF6507A025E2827600CCE207 /* Release */ = {
			isa = XCBuildConfiguration;
			buildSettings = {
				ASSETCATALOG_COMPILER_APPICON_NAME = AppIcon;
				ASSETCATALOG_COMPILER_GLOBAL_ACCENT_COLOR_NAME = AccentColor;
				CODE_SIGN_STYLE = Automatic;
				DEVELOPMENT_ASSET_PATHS = "\"ListViewWithTab/Preview Content\"";
				DEVELOPMENT_TEAM = R975Y8X2C9;
				ENABLE_PREVIEWS = YES;
				INFOPLIST_FILE = ListViewWithTab/Info.plist;
				IPHONEOS_DEPLOYMENT_TARGET = 14.0;
				LD_RUNPATH_SEARCH_PATHS = (
					"$(inherited)",
					"@executable_path/Frameworks",
				);
				PRODUCT_BUNDLE_IDENTIFIER = com.fahimrahman.ListViewWithTab;
				PRODUCT_NAME = "$(TARGET_NAME)";
				SWIFT_VERSION = 5.0;
				TARGETED_DEVICE_FAMILY = "1,2";
			};
			name = Release;
		};
/* End XCBuildConfiguration section */

/* Begin XCConfigurationList section */
		FF65078A25E2827600CCE207 /* Build configuration list for PBXProject "ListViewWithTab" */ = {
			isa = XCConfigurationList;
			buildConfigurations = (
				FF65079C25E2827600CCE207 /* Debug */,
				FF65079D25E2827600CCE207 /* Release */,
			);
			defaultConfigurationIsVisible = 0;
			defaultConfigurationName = Release;
		};
		FF65079E25E2827600CCE207 /* Build configuration list for PBXNativeTarget "ListViewWithTab" */ = {
			isa = XCConfigurationList;
			buildConfigurations = (
				FF65079F25E2827600CCE207 /* Debug */,
				FF6507A025E2827600CCE207 /* Release */,
			);
			defaultConfigurationIsVisible = 0;
			defaultConfigurationName = Release;
		};
/* End XCConfigurationList section */
	};
	rootObject = FF65078725E2827600CCE207 /* Project object */;
}
